PODS:
  - GoogleMaps (2.7.0):
    - GoogleMaps/Maps (= 2.7.0)
  - GoogleMaps/Base (2.7.0)
  - GoogleMaps/Maps (2.7.0):
    - GoogleMaps/Base
  - GooglePlaces (2.7.0):
    - GoogleMaps/Base (= 2.7.0)
  - R.swift (4.0.0):
    - R.swift.Library (~> 4.0.0)
  - R.swift.Library (4.0.0)
  - RxCocoa (4.2.0):
    - RxSwift (~> 4.0)
  - RxSwift (4.2.0)
  - SwifterSwift (4.4.0):
    - SwifterSwift/AppKit (= 4.4.0)
    - SwifterSwift/CoreGraphics (= 4.4.0)
    - SwifterSwift/CoreLocation (= 4.4.0)
    - SwifterSwift/Foundation (= 4.4.0)
    - SwifterSwift/MapKit (= 4.4.0)
    - SwifterSwift/SpriteKit (= 4.4.0)
    - SwifterSwift/SwiftStdlib (= 4.4.0)
    - SwifterSwift/UIKit (= 4.4.0)
  - SwifterSwift/AppKit (4.4.0)
  - SwifterSwift/CoreGraphics (4.4.0)
  - SwifterSwift/CoreLocation (4.4.0)
  - SwifterSwift/Foundation (4.4.0)
  - SwifterSwift/MapKit (4.4.0)
  - SwifterSwift/SpriteKit (4.4.0)
  - SwifterSwift/SwiftStdlib (4.4.0)
  - SwifterSwift/UIKit (4.4.0)

DEPENDENCIES:
  - GoogleMaps
  - GooglePlaces
  - R.swift
  - RxCocoa (~> 4.0)
  - RxSwift (~> 4.0)
  - SwifterSwift

SPEC REPOS:
  https://github.com/CocoaPods/Specs.git:
    - GoogleMaps
    - GooglePlaces
    - R.swift
    - R.swift.Library
    - RxCocoa
    - RxSwift
    - SwifterSwift

SPEC CHECKSUMS:
  GoogleMaps: f79af95cb24d869457b1f961c93d3ce8b2f3b848
  GooglePlaces: 3d06e6c99654545b4738ce49648745779c25f2ef
  R.swift: d6a5ec2f55a8441dc0ed9f1f8b37d7d11ae85c66
  R.swift.Library: c3af34921024333546e23b70e70d0b4e0cffca75
  RxCocoa: 0b54909c902e1e581212a03e690bbd94032d8baa
  RxSwift: 99e10317ddfcc7fbe01356aafd118fde4a0be104
  SwifterSwift: 1ce0e31801ddd3a2bd3256626275425adb01067a

PODFILE CHECKSUM: f515c5bb320e5645555faaff00261bbf4532fae3

COCOAPODS: 1.5.0
