PODS:
  - R.swift (4.0.0):
    - R.swift.Library (~> 4.0.0)
  - R.swift.Library (4.0.0)

DEPENDENCIES:
  - R.swift

SPEC REPOS:
  https://github.com/CocoaPods/Specs.git:
    - R.swift
    - R.swift.Library

SPEC CHECKSUMS:
  R.swift: d6a5ec2f55a8441dc0ed9f1f8b37d7d11ae85c66
  R.swift.Library: c3af34921024333546e23b70e70d0b4e0cffca75

PODFILE CHECKSUM: 295788d1839a3755f1f92ea974f2a5b2bf57d65a

COCOAPODS: 1.5.0
